// !$*UTF8*$!
{
	archiveVersion = 1;
	classes = {
	};
	objectVersion = 56;
	objects = {

/* Begin PBXBuildFile section */
		DD1C04FC2A3838F30000DFAC /* AppDelegate.swift in Sources */ = {isa = PBXBuildFile; fileRef = DD1C04FB2A3838F30000DFAC /* AppDelegate.swift */; };
		DD1C04FE2A3838F30000DFAC /* SceneDelegate.swift in Sources */ = {isa = PBXBuildFile; fileRef = DD1C04FD2A3838F30000DFAC /* SceneDelegate.swift */; };
		DD1C05002A3838F30000DFAC /* MainTabBarViewController.swift in Sources */ = {isa = PBXBuildFile; fileRef = DD1C04FF2A3838F30000DFAC /* MainTabBarViewController.swift */; };
		DD1C05062A3838F30000DFAC /* JYVideoApp.xcdatamodeld in Sources */ = {isa = PBXBuildFile; fileRef = DD1C05042A3838F30000DFAC /* JYVideoApp.xcdatamodeld */; };
		DD1C05082A3838F40000DFAC /* Assets.xcassets in Resources */ = {isa = PBXBuildFile; fileRef = DD1C05072A3838F40000DFAC /* Assets.xcassets */; };
		DD1C050B2A3838F40000DFAC /* LaunchScreen.storyboard in Resources */ = {isa = PBXBuildFile; fileRef = DD1C05092A3838F40000DFAC /* LaunchScreen.storyboard */; };
		DD1C05142A383BA10000DFAC /* HomeViewController.swift in Sources */ = {isa = PBXBuildFile; fileRef = DD1C05132A383BA10000DFAC /* HomeViewController.swift */; };
		DD1C05162A383C1B0000DFAC /* UpcomingViewController.swift in Sources */ = {isa = PBXBuildFile; fileRef = DD1C05152A383C1B0000DFAC /* UpcomingViewController.swift */; };
		DD1C05182A383C270000DFAC /* SearchViewController.swift in Sources */ = {isa = PBXBuildFile; fileRef = DD1C05172A383C270000DFAC /* SearchViewController.swift */; };
		DD1C051A2A383C340000DFAC /* ProfileViewController.swift in Sources */ = {isa = PBXBuildFile; fileRef = DD1C05192A383C340000DFAC /* ProfileViewController.swift */; };
		DD41032D2A3981EA004FFF67 /* SDWebImage in Frameworks */ = {isa = PBXBuildFile; productRef = DD41032C2A3981EA004FFF67 /* SDWebImage */; };
		DD41032F2A3981EA004FFF67 /* SDWebImageMapKit in Frameworks */ = {isa = PBXBuildFile; productRef = DD41032E2A3981EA004FFF67 /* SDWebImageMapKit */; };
		DD4103322A398754004FFF67 /* TitleViewModel.swift in Sources */ = {isa = PBXBuildFile; fileRef = DD4103312A398754004FFF67 /* TitleViewModel.swift */; };
		DD4103342A398769004FFF67 /* TitlePreviewViewModel.swift in Sources */ = {isa = PBXBuildFile; fileRef = DD4103332A398769004FFF67 /* TitlePreviewViewModel.swift */; };
		DD4103362A398988004FFF67 /* TitleTableViewCell.swift in Sources */ = {isa = PBXBuildFile; fileRef = DD4103352A398988004FFF67 /* TitleTableViewCell.swift */; };
		DD41033A2A398A59004FFF67 /* TitlePreviewViewController.swift in Sources */ = {isa = PBXBuildFile; fileRef = DD4103392A398A59004FFF67 /* TitlePreviewViewController.swift */; };
		DD41033C2A398A93004FFF67 /* YoutubeSearchResponse.swift in Sources */ = {isa = PBXBuildFile; fileRef = DD41033B2A398A93004FFF67 /* YoutubeSearchResponse.swift */; };
		DD41033E2A39A6AB004FFF67 /* SearchResultsViewController.swift in Sources */ = {isa = PBXBuildFile; fileRef = DD41033D2A39A6AB004FFF67 /* SearchResultsViewController.swift */; };
		DD4103442A3A04D2004FFF67 /* LoginViewController.swift in Sources */ = {isa = PBXBuildFile; fileRef = DD4103432A3A04D2004FFF67 /* LoginViewController.swift */; };
		DD4103462A3A0557004FFF67 /* AuthHeaderView.swift in Sources */ = {isa = PBXBuildFile; fileRef = DD4103452A3A0557004FFF67 /* AuthHeaderView.swift */; };
		DD41034A2A3A0761004FFF67 /* CustomTextField.swift in Sources */ = {isa = PBXBuildFile; fileRef = DD4103492A3A0761004FFF67 /* CustomTextField.swift */; };
		DD41034C2A3A0771004FFF67 /* CustomButton.swift in Sources */ = {isa = PBXBuildFile; fileRef = DD41034B2A3A0771004FFF67 /* CustomButton.swift */; };
		DD41034E2A3A0850004FFF67 /* SignInUserRequest.swift in Sources */ = {isa = PBXBuildFile; fileRef = DD41034D2A3A0850004FFF67 /* SignInUserRequest.swift */; };
		DD4103512A3A08A7004FFF67 /* AlertManager.swift in Sources */ = {isa = PBXBuildFile; fileRef = DD4103502A3A08A7004FFF67 /* AlertManager.swift */; };
		DD4103532A3A08DD004FFF67 /* Validator.swift in Sources */ = {isa = PBXBuildFile; fileRef = DD4103522A3A08DD004FFF67 /* Validator.swift */; };
		DDC6EBED2A3A0F2E00934EA0 /* RegisterController.swift in Sources */ = {isa = PBXBuildFile; fileRef = DDC6EBEC2A3A0F2E00934EA0 /* RegisterController.swift */; };
		DDC6EBEF2A3A0F3700934EA0 /* ForgotPasswordController.swift in Sources */ = {isa = PBXBuildFile; fileRef = DDC6EBEE2A3A0F3700934EA0 /* ForgotPasswordController.swift */; };
		DDC6EBF12A3A125F00934EA0 /* Fx5yoRHakAIc8ea.jpg in Resources */ = {isa = PBXBuildFile; fileRef = DDC6EBF02A3A125F00934EA0 /* Fx5yoRHakAIc8ea.jpg */; };
		DDD20E912A395335007C56BD /* CollectionViewTableViewCell.swift in Sources */ = {isa = PBXBuildFile; fileRef = DDD20E902A395335007C56BD /* CollectionViewTableViewCell.swift */; };
		DDD20E932A3957C9007C56BD /* BannerUIView.swift in Sources */ = {isa = PBXBuildFile; fileRef = DDD20E922A3957C8007C56BD /* BannerUIView.swift */; };
		DDD20E962A3963FF007C56BD /* APICaller.swift in Sources */ = {isa = PBXBuildFile; fileRef = DDD20E952A3963FF007C56BD /* APICaller.swift */; };
		DDD20E992A396558007C56BD /* Title.swift in Sources */ = {isa = PBXBuildFile; fileRef = DDD20E982A396558007C56BD /* Title.swift */; };
		DDD20E9C2A396663007C56BD /* Extensions.swift in Sources */ = {isa = PBXBuildFile; fileRef = DDD20E9B2A396663007C56BD /* Extensions.swift */; };
		DDD20E9E2A396720007C56BD /* TitleCollectionViewCell.swift in Sources */ = {isa = PBXBuildFile; fileRef = DDD20E9D2A396720007C56BD /* TitleCollectionViewCell.swift */; };
		DDE980B72A3C79B80006F925 /* LinkButton.swift in Sources */ = {isa = PBXBuildFile; fileRef = DDE980B62A3C79B80006F925 /* LinkButton.swift */; };
/* End PBXBuildFile section */

/* Begin PBXFileReference section */
		DD1C04F82A3838F30000DFAC /* JYVideoApp.app */ = {isa = PBXFileReference; explicitFileType = wrapper.application; includeInIndex = 0; path = JYVideoApp.app; sourceTree = BUILT_PRODUCTS_DIR; };
		DD1C04FB2A3838F30000DFAC /* AppDelegate.swift */ = {isa = PBXFileReference; lastKnownFileType = sourcecode.swift; path = AppDelegate.swift; sourceTree = "<group>"; };
		DD1C04FD2A3838F30000DFAC /* SceneDelegate.swift */ = {isa = PBXFileReference; lastKnownFileType = sourcecode.swift; path = SceneDelegate.swift; sourceTree = "<group>"; };
		DD1C04FF2A3838F30000DFAC /* MainTabBarViewController.swift */ = {isa = PBXFileReference; lastKnownFileType = sourcecode.swift; path = MainTabBarViewController.swift; sourceTree = "<group>"; };
		DD1C05052A3838F30000DFAC /* JYVideoApp.xcdatamodel */ = {isa = PBXFileReference; lastKnownFileType = wrapper.xcdatamodel; path = JYVideoApp.xcdatamodel; sourceTree = "<group>"; };
		DD1C05072A3838F40000DFAC /* Assets.xcassets */ = {isa = PBXFileReference; lastKnownFileType = folder.assetcatalog; path = Assets.xcassets; sourceTree = "<group>"; };
		DD1C050A2A3838F40000DFAC /* Base */ = {isa = PBXFileReference; lastKnownFileType = file.storyboard; name = Base; path = Base.lproj/LaunchScreen.storyboard; sourceTree = "<group>"; };
		DD1C050C2A3838F40000DFAC /* Info.plist */ = {isa = PBXFileReference; lastKnownFileType = text.plist.xml; path = Info.plist; sourceTree = "<group>"; };
		DD1C05132A383BA10000DFAC /* HomeViewController.swift */ = {isa = PBXFileReference; lastKnownFileType = sourcecode.swift; path = HomeViewController.swift; sourceTree = "<group>"; };
		DD1C05152A383C1B0000DFAC /* UpcomingViewController.swift */ = {isa = PBXFileReference; lastKnownFileType = sourcecode.swift; path = UpcomingViewController.swift; sourceTree = "<group>"; };
		DD1C05172A383C270000DFAC /* SearchViewController.swift */ = {isa = PBXFileReference; lastKnownFileType = sourcecode.swift; path = SearchViewController.swift; sourceTree = "<group>"; };
		DD1C05192A383C340000DFAC /* ProfileViewController.swift */ = {isa = PBXFileReference; lastKnownFileType = sourcecode.swift; path = ProfileViewController.swift; sourceTree = "<group>"; };
		DD4103312A398754004FFF67 /* TitleViewModel.swift */ = {isa = PBXFileReference; lastKnownFileType = sourcecode.swift; path = TitleViewModel.swift; sourceTree = "<group>"; };
		DD4103332A398769004FFF67 /* TitlePreviewViewModel.swift */ = {isa = PBXFileReference; lastKnownFileType = sourcecode.swift; path = TitlePreviewViewModel.swift; sourceTree = "<group>"; };
		DD4103352A398988004FFF67 /* TitleTableViewCell.swift */ = {isa = PBXFileReference; lastKnownFileType = sourcecode.swift; path = TitleTableViewCell.swift; sourceTree = "<group>"; };
		DD4103392A398A59004FFF67 /* TitlePreviewViewController.swift */ = {isa = PBXFileReference; lastKnownFileType = sourcecode.swift; path = TitlePreviewViewController.swift; sourceTree = "<group>"; };
		DD41033B2A398A93004FFF67 /* YoutubeSearchResponse.swift */ = {isa = PBXFileReference; lastKnownFileType = sourcecode.swift; path = YoutubeSearchResponse.swift; sourceTree = "<group>"; };
		DD41033D2A39A6AB004FFF67 /* SearchResultsViewController.swift */ = {isa = PBXFileReference; lastKnownFileType = sourcecode.swift; path = SearchResultsViewController.swift; sourceTree = "<group>"; };
		DD4103432A3A04D2004FFF67 /* LoginViewController.swift */ = {isa = PBXFileReference; lastKnownFileType = sourcecode.swift; path = LoginViewController.swift; sourceTree = "<group>"; };
		DD4103452A3A0557004FFF67 /* AuthHeaderView.swift */ = {isa = PBXFileReference; lastKnownFileType = sourcecode.swift; path = AuthHeaderView.swift; sourceTree = "<group>"; };
		DD4103492A3A0761004FFF67 /* CustomTextField.swift */ = {isa = PBXFileReference; lastKnownFileType = sourcecode.swift; path = CustomTextField.swift; sourceTree = "<group>"; };
		DD41034B2A3A0771004FFF67 /* CustomButton.swift */ = {isa = PBXFileReference; lastKnownFileType = sourcecode.swift; path = CustomButton.swift; sourceTree = "<group>"; };
		DD41034D2A3A0850004FFF67 /* SignInUserRequest.swift */ = {isa = PBXFileReference; lastKnownFileType = sourcecode.swift; path = SignInUserRequest.swift; sourceTree = "<group>"; };
		DD4103502A3A08A7004FFF67 /* AlertManager.swift */ = {isa = PBXFileReference; lastKnownFileType = sourcecode.swift; path = AlertManager.swift; sourceTree = "<group>"; };
		DD4103522A3A08DD004FFF67 /* Validator.swift */ = {isa = PBXFileReference; lastKnownFileType = sourcecode.swift; path = Validator.swift; sourceTree = "<group>"; };
		DDC6EBEC2A3A0F2E00934EA0 /* RegisterController.swift */ = {isa = PBXFileReference; lastKnownFileType = sourcecode.swift; path = RegisterController.swift; sourceTree = "<group>"; };
		DDC6EBEE2A3A0F3700934EA0 /* ForgotPasswordController.swift */ = {isa = PBXFileReference; lastKnownFileType = sourcecode.swift; path = ForgotPasswordController.swift; sourceTree = "<group>"; };
		DDC6EBF02A3A125F00934EA0 /* Fx5yoRHakAIc8ea.jpg */ = {isa = PBXFileReference; lastKnownFileType = image.jpeg; path = Fx5yoRHakAIc8ea.jpg; sourceTree = "<group>"; };
		DDD20E902A395335007C56BD /* CollectionViewTableViewCell.swift */ = {isa = PBXFileReference; lastKnownFileType = sourcecode.swift; path = CollectionViewTableViewCell.swift; sourceTree = "<group>"; };
		DDD20E922A3957C8007C56BD /* BannerUIView.swift */ = {isa = PBXFileReference; lastKnownFileType = sourcecode.swift; path = BannerUIView.swift; sourceTree = "<group>"; };
		DDD20E952A3963FF007C56BD /* APICaller.swift */ = {isa = PBXFileReference; lastKnownFileType = sourcecode.swift; path = APICaller.swift; sourceTree = "<group>"; };
		DDD20E982A396558007C56BD /* Title.swift */ = {isa = PBXFileReference; lastKnownFileType = sourcecode.swift; path = Title.swift; sourceTree = "<group>"; };
		DDD20E9B2A396663007C56BD /* Extensions.swift */ = {isa = PBXFileReference; lastKnownFileType = sourcecode.swift; path = Extensions.swift; sourceTree = "<group>"; };
		DDD20E9D2A396720007C56BD /* TitleCollectionViewCell.swift */ = {isa = PBXFileReference; lastKnownFileType = sourcecode.swift; path = TitleCollectionViewCell.swift; sourceTree = "<group>"; };
		DDE980B62A3C79B80006F925 /* LinkButton.swift */ = {isa = PBXFileReference; fileEncoding = 4; lastKnownFileType = sourcecode.swift; path = LinkButton.swift; sourceTree = "<group>"; };
/* End PBXFileReference section */

/* Begin PBXFrameworksBuildPhase section */
		DD1C04F52A3838F30000DFAC /* Frameworks */ = {
			isa = PBXFrameworksBuildPhase;
			buildActionMask = 2147483647;
			files = (
				DD41032F2A3981EA004FFF67 /* SDWebImageMapKit in Frameworks */,
				DD41032D2A3981EA004FFF67 /* SDWebImage in Frameworks */,
			);
			runOnlyForDeploymentPostprocessing = 0;
		};
/* End PBXFrameworksBuildPhase section */

/* Begin PBXGroup section */
		DD1C04EF2A3838F30000DFAC = {
			isa = PBXGroup;
			children = (
				DD1C04FA2A3838F30000DFAC /* JYVideoApp */,
				DD1C04F92A3838F30000DFAC /* Products */,
			);
			sourceTree = "<group>";
		};
		DD1C04F92A3838F30000DFAC /* Products */ = {
			isa = PBXGroup;
			children = (
				DD1C04F82A3838F30000DFAC /* JYVideoApp.app */,
			);
			name = Products;
			sourceTree = "<group>";
		};
		DD1C04FA2A3838F30000DFAC /* JYVideoApp */ = {
			isa = PBXGroup;
			children = (
				DD41034F2A3A0884004FFF67 /* Utils */,
				DD4103302A398744004FFF67 /* ViewModels */,
				DDD20E9A2A396654007C56BD /* Resources */,
				DDD20E972A396544007C56BD /* Models */,
				DDD20E942A3963F1007C56BD /* Managers */,
				DDD20E8F2A3952FB007C56BD /* Views */,
				DD1C05122A383B950000DFAC /* Controller */,
				DD1C05072A3838F40000DFAC /* Assets.xcassets */,
				DDC6EBF02A3A125F00934EA0 /* Fx5yoRHakAIc8ea.jpg */,
				DD1C05092A3838F40000DFAC /* LaunchScreen.storyboard */,
				DD1C050C2A3838F40000DFAC /* Info.plist */,
				DD1C05042A3838F30000DFAC /* JYVideoApp.xcdatamodeld */,
			);
			path = JYVideoApp;
			sourceTree = "<group>";
		};
		DD1C05122A383B950000DFAC /* Controller */ = {
			isa = PBXGroup;
			children = (
				DD4103372A398A36004FFF67 /* Core */,
				DD4103382A398A48004FFF67 /* General */,
			);
			path = Controller;
			sourceTree = "<group>";
		};
		DD4103302A398744004FFF67 /* ViewModels */ = {
			isa = PBXGroup;
			children = (
				DD4103312A398754004FFF67 /* TitleViewModel.swift */,
				DD4103332A398769004FFF67 /* TitlePreviewViewModel.swift */,
			);
			path = ViewModels;
			sourceTree = "<group>";
		};
		DD4103372A398A36004FFF67 /* Core */ = {
			isa = PBXGroup;
			children = (
				DD1C04FF2A3838F30000DFAC /* MainTabBarViewController.swift */,
				DD1C05132A383BA10000DFAC /* HomeViewController.swift */,
				DD1C05152A383C1B0000DFAC /* UpcomingViewController.swift */,
				DD1C05172A383C270000DFAC /* SearchViewController.swift */,
				DD1C05192A383C340000DFAC /* ProfileViewController.swift */,
				DD4103432A3A04D2004FFF67 /* LoginViewController.swift */,
				DDC6EBEC2A3A0F2E00934EA0 /* RegisterController.swift */,
				DDC6EBEE2A3A0F3700934EA0 /* ForgotPasswordController.swift */,
			);
			path = Core;
			sourceTree = "<group>";
		};
		DD4103382A398A48004FFF67 /* General */ = {
			isa = PBXGroup;
			children = (
				DD4103392A398A59004FFF67 /* TitlePreviewViewController.swift */,
				DD41033D2A39A6AB004FFF67 /* SearchResultsViewController.swift */,
			);
			path = General;
			sourceTree = "<group>";
		};
		DD41034F2A3A0884004FFF67 /* Utils */ = {
			isa = PBXGroup;
			children = (
				DD4103502A3A08A7004FFF67 /* AlertManager.swift */,
				DD4103522A3A08DD004FFF67 /* Validator.swift */,
			);
			path = Utils;
			sourceTree = "<group>";
		};
		DDD20E8F2A3952FB007C56BD /* Views */ = {
			isa = PBXGroup;
			children = (
				DDE980B62A3C79B80006F925 /* LinkButton.swift */,
				DDD20E902A395335007C56BD /* CollectionViewTableViewCell.swift */,
				DDD20E922A3957C8007C56BD /* BannerUIView.swift */,
				DDD20E9D2A396720007C56BD /* TitleCollectionViewCell.swift */,
				DD4103352A398988004FFF67 /* TitleTableViewCell.swift */,
				DD4103452A3A0557004FFF67 /* AuthHeaderView.swift */,
				DD4103492A3A0761004FFF67 /* CustomTextField.swift */,
				DD41034B2A3A0771004FFF67 /* CustomButton.swift */,
			);
			path = Views;
			sourceTree = "<group>";
		};
		DDD20E942A3963F1007C56BD /* Managers */ = {
			isa = PBXGroup;
			children = (
				DDD20E952A3963FF007C56BD /* APICaller.swift */,
			);
			path = Managers;
			sourceTree = "<group>";
		};
		DDD20E972A396544007C56BD /* Models */ = {
			isa = PBXGroup;
			children = (
				DDD20E982A396558007C56BD /* Title.swift */,
				DD41033B2A398A93004FFF67 /* YoutubeSearchResponse.swift */,
				DD41034D2A3A0850004FFF67 /* SignInUserRequest.swift */,
			);
			path = Models;
			sourceTree = "<group>";
		};
		DDD20E9A2A396654007C56BD /* Resources */ = {
			isa = PBXGroup;
			children = (
				DD1C04FB2A3838F30000DFAC /* AppDelegate.swift */,
				DD1C04FD2A3838F30000DFAC /* SceneDelegate.swift */,
				DDD20E9B2A396663007C56BD /* Extensions.swift */,
			);
			path = Resources;
			sourceTree = "<group>";
		};
/* End PBXGroup section */

/* Begin PBXNativeTarget section */
		DD1C04F72A3838F30000DFAC /* JYVideoApp */ = {
			isa = PBXNativeTarget;
			buildConfigurationList = DD1C050F2A3838F40000DFAC /* Build configuration list for PBXNativeTarget "JYVideoApp" */;
			buildPhases = (
				DD1C04F42A3838F30000DFAC /* Sources */,
				DD1C04F52A3838F30000DFAC /* Frameworks */,
				DD1C04F62A3838F30000DFAC /* Resources */,
			);
			buildRules = (
			);
			dependencies = (
			);
			name = JYVideoApp;
			packageProductDependencies = (
				DD41032C2A3981EA004FFF67 /* SDWebImage */,
				DD41032E2A3981EA004FFF67 /* SDWebImageMapKit */,
			);
			productName = JYVideoApp;
			productReference = DD1C04F82A3838F30000DFAC /* JYVideoApp.app */;
			productType = "com.apple.product-type.application";
		};
/* End PBXNativeTarget section */

/* Begin PBXProject section */
		DD1C04F02A3838F30000DFAC /* Project object */ = {
			isa = PBXProject;
			attributes = {
				BuildIndependentTargetsInParallel = 1;
				LastSwiftUpdateCheck = 1420;
				LastUpgradeCheck = 1420;
				TargetAttributes = {
					DD1C04F72A3838F30000DFAC = {
						CreatedOnToolsVersion = 14.2;
					};
				};
			};
			buildConfigurationList = DD1C04F32A3838F30000DFAC /* Build configuration list for PBXProject "JYVideoApp" */;
			compatibilityVersion = "Xcode 14.0";
			developmentRegion = en;
			hasScannedForEncodings = 0;
			knownRegions = (
				en,
				Base,
			);
			mainGroup = DD1C04EF2A3838F30000DFAC;
			packageReferences = (
				DD41032B2A3981EA004FFF67 /* XCRemoteSwiftPackageReference "SDWebImage" */,
			);
			productRefGroup = DD1C04F92A3838F30000DFAC /* Products */;
			projectDirPath = "";
			projectRoot = "";
			targets = (
				DD1C04F72A3838F30000DFAC /* JYVideoApp */,
			);
		};
/* End PBXProject section */

/* Begin PBXResourcesBuildPhase section */
		DD1C04F62A3838F30000DFAC /* Resources */ = {
			isa = PBXResourcesBuildPhase;
			buildActionMask = 2147483647;
			files = (
				DDC6EBF12A3A125F00934EA0 /* Fx5yoRHakAIc8ea.jpg in Resources */,
				DD1C050B2A3838F40000DFAC /* LaunchScreen.storyboard in Resources */,
				DD1C05082A3838F40000DFAC /* Assets.xcassets in Resources */,
			);
			runOnlyForDeploymentPostprocessing = 0;
		};
/* End PBXResourcesBuildPhase section */

/* Begin PBXSourcesBuildPhase section */
		DD1C04F42A3838F30000DFAC /* Sources */ = {
			isa = PBXSourcesBuildPhase;
			buildActionMask = 2147483647;
			files = (
				DD4103442A3A04D2004FFF67 /* LoginViewController.swift in Sources */,
				DDC6EBEF2A3A0F3700934EA0 /* ForgotPasswordController.swift in Sources */,
				DD4103532A3A08DD004FFF67 /* Validator.swift in Sources */,
				DD1C05162A383C1B0000DFAC /* UpcomingViewController.swift in Sources */,
				DDD20E932A3957C9007C56BD /* BannerUIView.swift in Sources */,
				DD4103462A3A0557004FFF67 /* AuthHeaderView.swift in Sources */,
				DD41034A2A3A0761004FFF67 /* CustomTextField.swift in Sources */,
				DDD20E992A396558007C56BD /* Title.swift in Sources */,
				DD41033C2A398A93004FFF67 /* YoutubeSearchResponse.swift in Sources */,
				DD1C05182A383C270000DFAC /* SearchViewController.swift in Sources */,
				DD1C051A2A383C340000DFAC /* ProfileViewController.swift in Sources */,
				DD4103362A398988004FFF67 /* TitleTableViewCell.swift in Sources */,
				DD1C05142A383BA10000DFAC /* HomeViewController.swift in Sources */,
				DD4103342A398769004FFF67 /* TitlePreviewViewModel.swift in Sources */,
				DD41033E2A39A6AB004FFF67 /* SearchResultsViewController.swift in Sources */,
				DD1C05002A3838F30000DFAC /* MainTabBarViewController.swift in Sources */,
				DDD20E9E2A396720007C56BD /* TitleCollectionViewCell.swift in Sources */,
				DDD20E912A395335007C56BD /* CollectionViewTableViewCell.swift in Sources */,
				DDD20E9C2A396663007C56BD /* Extensions.swift in Sources */,
				DD1C04FC2A3838F30000DFAC /* AppDelegate.swift in Sources */,
				DD4103512A3A08A7004FFF67 /* AlertManager.swift in Sources */,
				DDD20E962A3963FF007C56BD /* APICaller.swift in Sources */,
				DD41033A2A398A59004FFF67 /* TitlePreviewViewController.swift in Sources */,
				DD41034C2A3A0771004FFF67 /* CustomButton.swift in Sources */,
				DD1C05062A3838F30000DFAC /* JYVideoApp.xcdatamodeld in Sources */,
				DDC6EBED2A3A0F2E00934EA0 /* RegisterController.swift in Sources */,
				DD1C04FE2A3838F30000DFAC /* SceneDelegate.swift in Sources */,
				DDE980B72A3C79B80006F925 /* LinkButton.swift in Sources */,
				DD41034E2A3A0850004FFF67 /* SignInUserRequest.swift in Sources */,
				DD4103322A398754004FFF67 /* TitleViewModel.swift in Sources */,
			);
			runOnlyForDeploymentPostprocessing = 0;
		};
/* End PBXSourcesBuildPhase section */

/* Begin PBXVariantGroup section */
		DD1C05092A3838F40000DFAC /* LaunchScreen.storyboard */ = {
			isa = PBXVariantGroup;
			children = (
				DD1C050A2A3838F40000DFAC /* Base */,
			);
			name = LaunchScreen.storyboard;
			sourceTree = "<group>";
		};
/* End PBXVariantGroup section */

/* Begin XCBuildConfiguration section */
		DD1C050D2A3838F40000DFAC /* Debug */ = {
			isa = XCBuildConfiguration;
			buildSettings = {
				ALWAYS_SEARCH_USER_PATHS = NO;
				CLANG_ANALYZER_NONNULL = YES;
				CLANG_ANALYZER_NUMBER_OBJECT_CONVERSION = YES_AGGRESSIVE;
				CLANG_CXX_LANGUAGE_STANDARD = "gnu++20";
				CLANG_ENABLE_MODULES = YES;
				CLANG_ENABLE_OBJC_ARC = YES;
				CLANG_ENABLE_OBJC_WEAK = YES;
				CLANG_WARN_BLOCK_CAPTURE_AUTORELEASING = YES;
				CLANG_WARN_BOOL_CONVERSION = YES;
				CLANG_WARN_COMMA = YES;
				CLANG_WARN_CONSTANT_CONVERSION = YES;
				CLANG_WARN_DEPRECATED_OBJC_IMPLEMENTATIONS = YES;
				CLANG_WARN_DIRECT_OBJC_ISA_USAGE = YES_ERROR;
				CLANG_WARN_DOCUMENTATION_COMMENTS = YES;
				CLANG_WARN_EMPTY_BODY = YES;
				CLANG_WARN_ENUM_CONVERSION = YES;
				CLANG_WARN_INFINITE_RECURSION = YES;
				CLANG_WARN_INT_CONVERSION = YES;
				CLANG_WARN_NON_LITERAL_NULL_CONVERSION = YES;
				CLANG_WARN_OBJC_IMPLICIT_RETAIN_SELF = YES;
				CLANG_WARN_OBJC_LITERAL_CONVERSION = YES;
				CLANG_WARN_OBJC_ROOT_CLASS = YES_ERROR;
				CLANG_WARN_QUOTED_INCLUDE_IN_FRAMEWORK_HEADER = YES;
				CLANG_WARN_RANGE_LOOP_ANALYSIS = YES;
				CLANG_WARN_STRICT_PROTOTYPES = YES;
				CLANG_WARN_SUSPICIOUS_MOVE = YES;
				CLANG_WARN_UNGUARDED_AVAILABILITY = YES_AGGRESSIVE;
				CLANG_WARN_UNREACHABLE_CODE = YES;
				CLANG_WARN__DUPLICATE_METHOD_MATCH = YES;
				COPY_PHASE_STRIP = NO;
				DEBUG_INFORMATION_FORMAT = dwarf;
				ENABLE_STRICT_OBJC_MSGSEND = YES;
				ENABLE_TESTABILITY = YES;
				GCC_C_LANGUAGE_STANDARD = gnu11;
				GCC_DYNAMIC_NO_PIC = NO;
				GCC_NO_COMMON_BLOCKS = YES;
				GCC_OPTIMIZATION_LEVEL = 0;
				GCC_PREPROCESSOR_DEFINITIONS = (
					"DEBUG=1",
					"$(inherited)",
				);
				GCC_WARN_64_TO_32_BIT_CONVERSION = YES;
				GCC_WARN_ABOUT_RETURN_TYPE = YES_ERROR;
				GCC_WARN_UNDECLARED_SELECTOR = YES;
				GCC_WARN_UNINITIALIZED_AUTOS = YES_AGGRESSIVE;
				GCC_WARN_UNUSED_FUNCTION = YES;
				GCC_WARN_UNUSED_VARIABLE = YES;
				IPHONEOS_DEPLOYMENT_TARGET = 16.2;
				MTL_ENABLE_DEBUG_INFO = INCLUDE_SOURCE;
				MTL_FAST_MATH = YES;
				ONLY_ACTIVE_ARCH = YES;
				SDKROOT = iphoneos;
				SWIFT_ACTIVE_COMPILATION_CONDITIONS = DEBUG;
				SWIFT_OPTIMIZATION_LEVEL = "-Onone";
			};
			name = Debug;
		};
		DD1C050E2A3838F40000DFAC /* Release */ = {
			isa = XCBuildConfiguration;
			buildSettings = {
				ALWAYS_SEARCH_USER_PATHS = NO;
				CLANG_ANALYZER_NONNULL = YES;
				CLANG_ANALYZER_NUMBER_OBJECT_CONVERSION = YES_AGGRESSIVE;
				CLANG_CXX_LANGUAGE_STANDARD = "gnu++20";
				CLANG_ENABLE_MODULES = YES;
				CLANG_ENABLE_OBJC_ARC = YES;
				CLANG_ENABLE_OBJC_WEAK = YES;
				CLANG_WARN_BLOCK_CAPTURE_AUTORELEASING = YES;
				CLANG_WARN_BOOL_CONVERSION = YES;
				CLANG_WARN_COMMA = YES;
				CLANG_WARN_CONSTANT_CONVERSION = YES;
				CLANG_WARN_DEPRECATED_OBJC_IMPLEMENTATIONS = YES;
				CLANG_WARN_DIRECT_OBJC_ISA_USAGE = YES_ERROR;
				CLANG_WARN_DOCUMENTATION_COMMENTS = YES;
				CLANG_WARN_EMPTY_BODY = YES;
				CLANG_WARN_ENUM_CONVERSION = YES;
				CLANG_WARN_INFINITE_RECURSION = YES;
				CLANG_WARN_INT_CONVERSION = YES;
				CLANG_WARN_NON_LITERAL_NULL_CONVERSION = YES;
				CLANG_WARN_OBJC_IMPLICIT_RETAIN_SELF = YES;
				CLANG_WARN_OBJC_LITERAL_CONVERSION = YES;
				CLANG_WARN_OBJC_ROOT_CLASS = YES_ERROR;
				CLANG_WARN_QUOTED_INCLUDE_IN_FRAMEWORK_HEADER = YES;
				CLANG_WARN_RANGE_LOOP_ANALYSIS = YES;
				CLANG_WARN_STRICT_PROTOTYPES = YES;
				CLANG_WARN_SUSPICIOUS_MOVE = YES;
				CLANG_WARN_UNGUARDED_AVAILABILITY = YES_AGGRESSIVE;
				CLANG_WARN_UNREACHABLE_CODE = YES;
				CLANG_WARN__DUPLICATE_METHOD_MATCH = YES;
				COPY_PHASE_STRIP = NO;
				DEBUG_INFORMATION_FORMAT = "dwarf-with-dsym";
				ENABLE_NS_ASSERTIONS = NO;
				ENABLE_STRICT_OBJC_MSGSEND = YES;
				GCC_C_LANGUAGE_STANDARD = gnu11;
				GCC_NO_COMMON_BLOCKS = YES;
				GCC_WARN_64_TO_32_BIT_CONVERSION = YES;
				GCC_WARN_ABOUT_RETURN_TYPE = YES_ERROR;
				GCC_WARN_UNDECLARED_SELECTOR = YES;
				GCC_WARN_UNINITIALIZED_AUTOS = YES_AGGRESSIVE;
				GCC_WARN_UNUSED_FUNCTION = YES;
				GCC_WARN_UNUSED_VARIABLE = YES;
				IPHONEOS_DEPLOYMENT_TARGET = 16.2;
				MTL_ENABLE_DEBUG_INFO = NO;
				MTL_FAST_MATH = YES;
				SDKROOT = iphoneos;
				SWIFT_COMPILATION_MODE = wholemodule;
				SWIFT_OPTIMIZATION_LEVEL = "-O";
				VALIDATE_PRODUCT = YES;
			};
			name = Release;
		};
		DD1C05102A3838F40000DFAC /* Debug */ = {
			isa = XCBuildConfiguration;
			buildSettings = {
				ASSETCATALOG_COMPILER_APPICON_NAME = AppIcon;
				ASSETCATALOG_COMPILER_GLOBAL_ACCENT_COLOR_NAME = AccentColor;
				CODE_SIGN_STYLE = Automatic;
				CURRENT_PROJECT_VERSION = 1;
				GENERATE_INFOPLIST_FILE = YES;
				INFOPLIST_FILE = JYVideoApp/Info.plist;
				INFOPLIST_KEY_UIApplicationSupportsIndirectInputEvents = YES;
				INFOPLIST_KEY_UILaunchStoryboardName = LaunchScreen;
				INFOPLIST_KEY_UISupportedInterfaceOrientations_iPad = "UIInterfaceOrientationPortrait UIInterfaceOrientationPortraitUpsideDown UIInterfaceOrientationLandscapeLeft UIInterfaceOrientationLandscapeRight";
				INFOPLIST_KEY_UISupportedInterfaceOrientations_iPhone = "UIInterfaceOrientationPortrait UIInterfaceOrientationLandscapeLeft UIInterfaceOrientationLandscapeRight";
				LD_RUNPATH_SEARCH_PATHS = (
					"$(inherited)",
					"@executable_path/Frameworks",
				);
				MARKETING_VERSION = 1.0;
				PRODUCT_BUNDLE_IDENTIFIER = com.JYVideoApp;
				PRODUCT_NAME = "$(TARGET_NAME)";
				SWIFT_EMIT_LOC_STRINGS = YES;
				SWIFT_VERSION = 5.0;
				TARGETED_DEVICE_FAMILY = "1,2";
			};
			name = Debug;
		};
		DD1C05112A3838F40000DFAC /* Release */ = {
			isa = XCBuildConfiguration;
			buildSettings = {
				ASSETCATALOG_COMPILER_APPICON_NAME = AppIcon;
				ASSETCATALOG_COMPILER_GLOBAL_ACCENT_COLOR_NAME = AccentColor;
				CODE_SIGN_STYLE = Automatic;
				CURRENT_PROJECT_VERSION = 1;
				GENERATE_INFOPLIST_FILE = YES;
				INFOPLIST_FILE = JYVideoApp/Info.plist;
				INFOPLIST_KEY_UIApplicationSupportsIndirectInputEvents = YES;
				INFOPLIST_KEY_UILaunchStoryboardName = LaunchScreen;
				INFOPLIST_KEY_UISupportedInterfaceOrientations_iPad = "UIInterfaceOrientationPortrait UIInterfaceOrientationPortraitUpsideDown UIInterfaceOrientationLandscapeLeft UIInterfaceOrientationLandscapeRight";
				INFOPLIST_KEY_UISupportedInterfaceOrientations_iPhone = "UIInterfaceOrientationPortrait UIInterfaceOrientationLandscapeLeft UIInterfaceOrientationLandscapeRight";
				LD_RUNPATH_SEARCH_PATHS = (
					"$(inherited)",
					"@executable_path/Frameworks",
				);
				MARKETING_VERSION = 1.0;
				PRODUCT_BUNDLE_IDENTIFIER = com.JYVideoApp;
				PRODUCT_NAME = "$(TARGET_NAME)";
				SWIFT_EMIT_LOC_STRINGS = YES;
				SWIFT_VERSION = 5.0;
				TARGETED_DEVICE_FAMILY = "1,2";
			};
			name = Release;
		};
/* End XCBuildConfiguration section */

/* Begin XCConfigurationList section */
		DD1C04F32A3838F30000DFAC /* Build configuration list for PBXProject "JYVideoApp" */ = {
			isa = XCConfigurationList;
			buildConfigurations = (
				DD1C050D2A3838F40000DFAC /* Debug */,
				DD1C050E2A3838F40000DFAC /* Release */,
			);
			defaultConfigurationIsVisible = 0;
			defaultConfigurationName = Release;
		};
		DD1C050F2A3838F40000DFAC /* Build configuration list for PBXNativeTarget "JYVideoApp" */ = {
			isa = XCConfigurationList;
			buildConfigurations = (
				DD1C05102A3838F40000DFAC /* Debug */,
				DD1C05112A3838F40000DFAC /* Release */,
			);
			defaultConfigurationIsVisible = 0;
			defaultConfigurationName = Release;
		};
/* End XCConfigurationList section */

/* Begin XCRemoteSwiftPackageReference section */
		DD41032B2A3981EA004FFF67 /* XCRemoteSwiftPackageReference "SDWebImage" */ = {
			isa = XCRemoteSwiftPackageReference;
			repositoryURL = "https://github.com/SDWebImage/SDWebImage.git";
			requirement = {
				kind = upToNextMajorVersion;
				minimumVersion = 5.0.0;
			};
		};
/* End XCRemoteSwiftPackageReference section */

/* Begin XCSwiftPackageProductDependency section */
		DD41032C2A3981EA004FFF67 /* SDWebImage */ = {
			isa = XCSwiftPackageProductDependency;
			package = DD41032B2A3981EA004FFF67 /* XCRemoteSwiftPackageReference "SDWebImage" */;
			productName = SDWebImage;
		};
		DD41032E2A3981EA004FFF67 /* SDWebImageMapKit */ = {
			isa = XCSwiftPackageProductDependency;
			package = DD41032B2A3981EA004FFF67 /* XCRemoteSwiftPackageReference "SDWebImage" */;
			productName = SDWebImageMapKit;
		};
/* End XCSwiftPackageProductDependency section */

/* Begin XCVersionGroup section */
		DD1C05042A3838F30000DFAC /* JYVideoApp.xcdatamodeld */ = {
			isa = XCVersionGroup;
			children = (
				DD1C05052A3838F30000DFAC /* JYVideoApp.xcdatamodel */,
			);
			currentVersion = DD1C05052A3838F30000DFAC /* JYVideoApp.xcdatamodel */;
			path = JYVideoApp.xcdatamodeld;
			sourceTree = "<group>";
			versionGroupType = wrapper.xcdatamodel;
		};
/* End XCVersionGroup section */
	};
	rootObject = DD1C04F02A3838F30000DFAC /* Project object */;
}
